
Microsoft Visual Studio Solution File, Format Version 12.00
# Visual Studio Version 17
VisualStudioVersion = 17.12.35521.163
MinimumVisualStudioVersion = 10.0.40219.1
Project("{FAE04EC0-301F-11D3-BF4B-00C04F79EFBC}") = "CarRental.Domain", "CarRental.Domain\CarRental.Domain.csproj", "{FBD4D688-54B2-4314-8A1A-BC6C06AF36EF}"
EndProject
Project("{FAE04EC0-301F-11D3-BF4B-00C04F79EFBC}") = "CarRental.Application", "CarRental.Application\CarRental.Application.csproj", "{36969E50-B1F1-44A4-A1C8-C4AE4E40C74B}"
EndProject
Project("{FAE04EC0-301F-11D3-BF4B-00C04F79EFBC}") = "CarRental.Infrastructure", "CarRental.Infrastructure\CarRental.Infrastructure.csproj", "{5D63E7B2-B39A-4188-96C7-DBEC0FC8A1B7}"
EndProject
Project("{FAE04EC0-301F-11D3-BF4B-00C04F79EFBC}") = "CarRentalApi", "CarRentalApi\CarRentalApi.csproj", "{99232EAA-AD66-498E-B3CC-3570F5D932BF}"
EndProject
Project("{FAE04EC0-301F-11D3-BF4B-00C04F79EFBC}") = "CarRental.Tests", "CarRental.Tests\CarRental.Tests.csproj", "{A0B4E0CE-24FB-4EB6-B7C8-35F9A27739CC}"
EndProject
Project("{FAE04EC0-301F-11D3-BF4B-00C04F79EFBC}") = "CarRental.Shared", "CarRental.Shared\CarRental.Shared.csproj", "{77029145-9996-474D-8690-F8C1420E35C7}"
EndProject
Project("{FAE04EC0-301F-11D3-BF4B-00C04F79EFBC}") = "CarRental.EmailFunctions", "CarRental.EmailFunctions\CarRental.EmailFunctions.csproj", "{6AEFA2E4-9E82-46B0-A512-267CBD66F56C}"
EndProject
Global
	GlobalSection(SolutionConfigurationPlatforms) = preSolution
		Debug|Any CPU = Debug|Any CPU
		Release|Any CPU = Release|Any CPU
	EndGlobalSection
	GlobalSection(ProjectConfigurationPlatforms) = postSolution
		{FBD4D688-54B2-4314-8A1A-BC6C06AF36EF}.Debug|Any CPU.ActiveCfg = Debug|Any CPU
		{FBD4D688-54B2-4314-8A1A-BC6C06AF36EF}.Debug|Any CPU.Build.0 = Debug|Any CPU
		{FBD4D688-54B2-4314-8A1A-BC6C06AF36EF}.Release|Any CPU.ActiveCfg = Release|Any CPU
		{FBD4D688-54B2-4314-8A1A-BC6C06AF36EF}.Release|Any CPU.Build.0 = Release|Any CPU
		{36969E50-B1F1-44A4-A1C8-C4AE4E40C74B}.Debug|Any CPU.ActiveCfg = Debug|Any CPU
		{36969E50-B1F1-44A4-A1C8-C4AE4E40C74B}.Debug|Any CPU.Build.0 = Debug|Any CPU
		{36969E50-B1F1-44A4-A1C8-C4AE4E40C74B}.Release|Any CPU.ActiveCfg = Release|Any CPU
		{36969E50-B1F1-44A4-A1C8-C4AE4E40C74B}.Release|Any CPU.Build.0 = Release|Any CPU
		{5D63E7B2-B39A-4188-96C7-DBEC0FC8A1B7}.Debug|Any CPU.ActiveCfg = Debug|Any CPU
		{5D63E7B2-B39A-4188-96C7-DBEC0FC8A1B7}.Debug|Any CPU.Build.0 = Debug|Any CPU
		{5D63E7B2-B39A-4188-96C7-DBEC0FC8A1B7}.Release|Any CPU.ActiveCfg = Release|Any CPU
		{5D63E7B2-B39A-4188-96C7-DBEC0FC8A1B7}.Release|Any CPU.Build.0 = Release|Any CPU
		{99232EAA-AD66-498E-B3CC-3570F5D932BF}.Debug|Any CPU.ActiveCfg = Debug|Any CPU
		{99232EAA-AD66-498E-B3CC-3570F5D932BF}.Debug|Any CPU.Build.0 = Debug|Any CPU
		{99232EAA-AD66-498E-B3CC-3570F5D932BF}.Release|Any CPU.ActiveCfg = Release|Any CPU
		{99232EAA-AD66-498E-B3CC-3570F5D932BF}.Release|Any CPU.Build.0 = Release|Any CPU
		{A0B4E0CE-24FB-4EB6-B7C8-35F9A27739CC}.Debug|Any CPU.ActiveCfg = Debug|Any CPU
		{A0B4E0CE-24FB-4EB6-B7C8-35F9A27739CC}.Debug|Any CPU.Build.0 = Debug|Any CPU
		{A0B4E0CE-24FB-4EB6-B7C8-35F9A27739CC}.Release|Any CPU.ActiveCfg = Release|Any CPU
		{A0B4E0CE-24FB-4EB6-B7C8-35F9A27739CC}.Release|Any CPU.Build.0 = Release|Any CPU
		{77029145-9996-474D-8690-F8C1420E35C7}.Debug|Any CPU.ActiveCfg = Debug|Any CPU
		{77029145-9996-474D-8690-F8C1420E35C7}.Debug|Any CPU.Build.0 = Debug|Any CPU
		{77029145-9996-474D-8690-F8C1420E35C7}.Release|Any CPU.ActiveCfg = Release|Any CPU
		{77029145-9996-474D-8690-F8C1420E35C7}.Release|Any CPU.Build.0 = Release|Any CPU
		{6AEFA2E4-9E82-46B0-A512-267CBD66F56C}.Debug|Any CPU.ActiveCfg = Debug|Any CPU
		{6AEFA2E4-9E82-46B0-A512-267CBD66F56C}.Debug|Any CPU.Build.0 = Debug|Any CPU
		{6AEFA2E4-9E82-46B0-A512-267CBD66F56C}.Release|Any CPU.ActiveCfg = Release|Any CPU
		{6AEFA2E4-9E82-46B0-A512-267CBD66F56C}.Release|Any CPU.Build.0 = Release|Any CPU
	EndGlobalSection
	GlobalSection(SolutionProperties) = preSolution
		HideSolutionNode = FALSE
	EndGlobalSection
EndGlobal
